
Microsoft Visual Studio Solution File, Format Version 12.00
# Visual Studio Version 17
VisualStudioVersion = 17.14.36429.23 d17.14
MinimumVisualStudioVersion = 10.0.40219.1
Project("{FAE04EC0-301F-11D3-BF4B-00C04F79EFBC}") = "TestGUI", "TestGUI.csproj", "{BDE4B380-4CDB-472A-ABA2-A92D3D2E9F62}"
EndProject
Global
	GlobalSection(SolutionConfigurationPlatforms) = preSolution
		Debug|Any CPU = Debug|Any CPU
		Release|Any CPU = Release|Any CPU
	EndGlobalSection
	GlobalSection(ProjectConfigurationPlatforms) = postSolution
		{BDE4B380-4CDB-472A-ABA2-A92D3D2E9F62}.Debug|Any CPU.ActiveCfg = Debug|Any CPU
		{BDE4B380-4CDB-472A-ABA2-A92D3D2E9F62}.Debug|Any CPU.Build.0 = Debug|Any CPU
		{BDE4B380-4CDB-472A-ABA2-A92D3D2E9F62}.Release|Any CPU.ActiveCfg = Release|Any CPU
		{BDE4B380-4CDB-472A-ABA2-A92D3D2E9F62}.Release|Any CPU.Build.0 = Release|Any CPU
	EndGlobalSection
	GlobalSection(SolutionProperties) = preSolution
		HideSolutionNode = FALSE
	EndGlobalSection
	GlobalSection(ExtensibilityGlobals) = postSolution
		SolutionGuid = {7D348983-C706-4B8B-B401-8522D87CB133}
	EndGlobalSection
EndGlobal
